
Microsoft Visual Studio Solution File, Format Version 12.00
# Visual Studio 15
VisualStudioVersion = 15.0.26228.9
MinimumVisualStudioVersion = 10.0.40219.1
Project("{FAE04EC0-301F-11D3-BF4B-00C04F79EFBC}") = "Bubbles", "Bubbles.csproj", "{D3159CFD-253F-4FA0-8846-1B44B1C6949B}"
EndProject
Global
	GlobalSection(SolutionConfigurationPlatforms) = preSolution
		Release|Any CPU = Release|Any CPU
	EndGlobalSection
	GlobalSection(ProjectConfigurationPlatforms) = postSolution
		{D3159CFD-253F-4FA0-8846-1B44B1C6949B}.Release|Any CPU.ActiveCfg = Release|Any CPU
		{D3159CFD-253F-4FA0-8846-1B44B1C6949B}.Release|Any CPU.Build.0 = Release|Any CPU
	EndGlobalSection
	GlobalSection(SolutionProperties) = preSolution
		HideSolutionNode = FALSE
	EndGlobalSection
	GlobalSection(ExtensibilityGlobals) = postSolution
		SolutionGuid = {75120DAC-15B3-4E5F-9DC1-DFD8D875EF0E}
	EndGlobalSection
EndGlobal
